
Microsoft Visual Studio Solution File, Format Version 12.00
# Visual Studio 15
VisualStudioVersion = 15.0.28307.168
MinimumVisualStudioVersion = 10.0.40219.1
Project("{FAE04EC0-301F-11D3-BF4B-00C04F79EFBC}") = "CET37Market.Common", "CET37Market.Common\CET37Market.Common.csproj", "{F0002BD0-CD65-4971-B4BB-08CE1D21A476}"
EndProject
Project("{2150E333-8FDC-42A3-9474-1A3956D46DE8}") = "Backend", "Backend", "{1D83BFE0-66C7-45DD-9FA2-6FC8CA1FF7D0}"
EndProject
Project("{2150E333-8FDC-42A3-9474-1A3956D46DE8}") = "Frontend", "Frontend", "{3A1F5D35-0BE8-452A-9D61-8A90C9C9993D}"
EndProject
Project("{FAE04EC0-301F-11D3-BF4B-00C04F79EFBC}") = "Cet37Market.Web", "Cet37Market.Web\Cet37Market.Web.csproj", "{D54753CE-E6FC-4793-A6D4-3E6FA20C8A0E}"
EndProject
Project("{2150E333-8FDC-42A3-9474-1A3956D46DE8}") = "Classic", "Classic", "{A92B780E-659E-476A-B8F7-86E50B742A61}"
EndProject
Project("{2150E333-8FDC-42A3-9474-1A3956D46DE8}") = "Forms", "Forms", "{285FDF24-631B-4BBE-A95C-D4BD02F8422C}"
EndProject
Project("{FAE04EC0-301F-11D3-BF4B-00C04F79EFBC}") = "Cet37Market.UIForms.Android", "Cet37Market.UIForms\Cet37Market.UIForms.Android\Cet37Market.UIForms.Android.csproj", "{718D82A0-987F-479B-9A14-4815908FD399}"
EndProject
Project("{FAE04EC0-301F-11D3-BF4B-00C04F79EFBC}") = "Cet37Market.UIForms.iOS", "Cet37Market.UIForms\Cet37Market.UIForms.iOS\Cet37Market.UIForms.iOS.csproj", "{353A5CF6-2591-45AD-A2CD-4397324E725E}"
EndProject
Project("{FAE04EC0-301F-11D3-BF4B-00C04F79EFBC}") = "Cet37Market.UIForms", "Cet37Market.UIForms\Cet37Market.UIForms\Cet37Market.UIForms.csproj", "{1470BE33-0799-4A76-9EED-0DF294A07B5B}"
EndProject
Project("{FAE04EC0-301F-11D3-BF4B-00C04F79EFBC}") = "Cet37Market.UIClassic.Android", "Cet37Market.UIClassic.Android\Cet37Market.UIClassic.Android.csproj", "{4065C6A9-9D4B-4C39-8235-85C9ACF36F9B}"
EndProject
Project("{FAE04EC0-301F-11D3-BF4B-00C04F79EFBC}") = "Cet37Market.UIClassic.iOS", "Cet37Market.UIClassic.iOS\Cet37Market.UIClassic.iOS.csproj", "{80A96B52-6758-4BDB-B0B4-CEA4CA155C60}"
EndProject
Project("{FAE04EC0-301F-11D3-BF4B-00C04F79EFBC}") = "Cet37Market.UIClassic", "Cet37Market.UIClassic\Cet37Market.UIClassic.csproj", "{D33A9609-9B91-4679-84B3-9214F71CB96E}"
EndProject
Global
	GlobalSection(SolutionConfigurationPlatforms) = preSolution
		Ad-Hoc|Any CPU = Ad-Hoc|Any CPU
		Ad-Hoc|iPhone = Ad-Hoc|iPhone
		Ad-Hoc|iPhoneSimulator = Ad-Hoc|iPhoneSimulator
		AppStore|Any CPU = AppStore|Any CPU
		AppStore|iPhone = AppStore|iPhone
		AppStore|iPhoneSimulator = AppStore|iPhoneSimulator
		Debug|Any CPU = Debug|Any CPU
		Debug|iPhone = Debug|iPhone
		Debug|iPhoneSimulator = Debug|iPhoneSimulator
		Release|Any CPU = Release|Any CPU
		Release|iPhone = Release|iPhone
		Release|iPhoneSimulator = Release|iPhoneSimulator
	EndGlobalSection
	GlobalSection(ProjectConfigurationPlatforms) = postSolution
		{F0002BD0-CD65-4971-B4BB-08CE1D21A476}.Ad-Hoc|Any CPU.ActiveCfg = Debug|Any CPU
		{F0002BD0-CD65-4971-B4BB-08CE1D21A476}.Ad-Hoc|Any CPU.Build.0 = Debug|Any CPU
		{F0002BD0-CD65-4971-B4BB-08CE1D21A476}.Ad-Hoc|iPhone.ActiveCfg = Debug|Any CPU
		{F0002BD0-CD65-4971-B4BB-08CE1D21A476}.Ad-Hoc|iPhone.Build.0 = Debug|Any CPU
		{F0002BD0-CD65-4971-B4BB-08CE1D21A476}.Ad-Hoc|iPhoneSimulator.ActiveCfg = Debug|Any CPU
		{F0002BD0-CD65-4971-B4BB-08CE1D21A476}.Ad-Hoc|iPhoneSimulator.Build.0 = Debug|Any CPU
		{F0002BD0-CD65-4971-B4BB-08CE1D21A476}.AppStore|Any CPU.ActiveCfg = Debug|Any CPU
		{F0002BD0-CD65-4971-B4BB-08CE1D21A476}.AppStore|Any CPU.Build.0 = Debug|Any CPU
		{F0002BD0-CD65-4971-B4BB-08CE1D21A476}.AppStore|iPhone.ActiveCfg = Debug|Any CPU
		{F0002BD0-CD65-4971-B4BB-08CE1D21A476}.AppStore|iPhone.Build.0 = Debug|Any CPU
		{F0002BD0-CD65-4971-B4BB-08CE1D21A476}.AppStore|iPhoneSimulator.ActiveCfg = Debug|Any CPU
		{F0002BD0-CD65-4971-B4BB-08CE1D21A476}.AppStore|iPhoneSimulator.Build.0 = Debug|Any CPU
		{F0002BD0-CD65-4971-B4BB-08CE1D21A476}.Debug|Any CPU.ActiveCfg = Debug|Any CPU
		{F0002BD0-CD65-4971-B4BB-08CE1D21A476}.Debug|Any CPU.Build.0 = Debug|Any CPU
		{F0002BD0-CD65-4971-B4BB-08CE1D21A476}.Debug|iPhone.ActiveCfg = Debug|Any CPU
		{F0002BD0-CD65-4971-B4BB-08CE1D21A476}.Debug|iPhone.Build.0 = Debug|Any CPU
		{F0002BD0-CD65-4971-B4BB-08CE1D21A476}.Debug|iPhoneSimulator.ActiveCfg = Debug|Any CPU
		{F0002BD0-CD65-4971-B4BB-08CE1D21A476}.Debug|iPhoneSimulator.Build.0 = Debug|Any CPU
		{F0002BD0-CD65-4971-B4BB-08CE1D21A476}.Release|Any CPU.ActiveCfg = Release|Any CPU
		{F0002BD0-CD65-4971-B4BB-08CE1D21A476}.Release|Any CPU.Build.0 = Release|Any CPU
		{F0002BD0-CD65-4971-B4BB-08CE1D21A476}.Release|iPhone.ActiveCfg = Release|Any CPU
		{F0002BD0-CD65-4971-B4BB-08CE1D21A476}.Release|iPhone.Build.0 = Release|Any CPU
		{F0002BD0-CD65-4971-B4BB-08CE1D21A476}.Release|iPhoneSimulator.ActiveCfg = Release|Any CPU
		{F0002BD0-CD65-4971-B4BB-08CE1D21A476}.Release|iPhoneSimulator.Build.0 = Release|Any CPU
		{D54753CE-E6FC-4793-A6D4-3E6FA20C8A0E}.Ad-Hoc|Any CPU.ActiveCfg = Debug|Any CPU
		{D54753CE-E6FC-4793-A6D4-3E6FA20C8A0E}.Ad-Hoc|Any CPU.Build.0 = Debug|Any CPU
		{D54753CE-E6FC-4793-A6D4-3E6FA20C8A0E}.Ad-Hoc|iPhone.ActiveCfg = Debug|Any CPU
		{D54753CE-E6FC-4793-A6D4-3E6FA20C8A0E}.Ad-Hoc|iPhone.Build.0 = Debug|Any CPU
		{D54753CE-E6FC-4793-A6D4-3E6FA20C8A0E}.Ad-Hoc|iPhoneSimulator.ActiveCfg = Debug|Any CPU
		{D54753CE-E6FC-4793-A6D4-3E6FA20C8A0E}.Ad-Hoc|iPhoneSimulator.Build.0 = Debug|Any CPU
		{D54753CE-E6FC-4793-A6D4-3E6FA20C8A0E}.AppStore|Any CPU.ActiveCfg = Debug|Any CPU
		{D54753CE-E6FC-4793-A6D4-3E6FA20C8A0E}.AppStore|Any CPU.Build.0 = Debug|Any CPU
		{D54753CE-E6FC-4793-A6D4-3E6FA20C8A0E}.AppStore|iPhone.ActiveCfg = Debug|Any CPU
		{D54753CE-E6FC-4793-A6D4-3E6FA20C8A0E}.AppStore|iPhone.Build.0 = Debug|Any CPU
		{D54753CE-E6FC-4793-A6D4-3E6FA20C8A0E}.AppStore|iPhoneSimulator.ActiveCfg = Debug|Any CPU
		{D54753CE-E6FC-4793-A6D4-3E6FA20C8A0E}.AppStore|iPhoneSimulator.Build.0 = Debug|Any CPU
		{D54753CE-E6FC-4793-A6D4-3E6FA20C8A0E}.Debug|Any CPU.ActiveCfg = Debug|Any CPU
		{D54753CE-E6FC-4793-A6D4-3E6FA20C8A0E}.Debug|Any CPU.Build.0 = Debug|Any CPU
		{D54753CE-E6FC-4793-A6D4-3E6FA20C8A0E}.Debug|iPhone.ActiveCfg = Debug|Any CPU
		{D54753CE-E6FC-4793-A6D4-3E6FA20C8A0E}.Debug|iPhone.Build.0 = Debug|Any CPU
		{D54753CE-E6FC-4793-A6D4-3E6FA20C8A0E}.Debug|iPhoneSimulator.ActiveCfg = Debug|Any CPU
		{D54753CE-E6FC-4793-A6D4-3E6FA20C8A0E}.Debug|iPhoneSimulator.Build.0 = Debug|Any CPU
		{D54753CE-E6FC-4793-A6D4-3E6FA20C8A0E}.Release|Any CPU.ActiveCfg = Release|Any CPU
		{D54753CE-E6FC-4793-A6D4-3E6FA20C8A0E}.Release|Any CPU.Build.0 = Release|Any CPU
		{D54753CE-E6FC-4793-A6D4-3E6FA20C8A0E}.Release|iPhone.ActiveCfg = Release|Any CPU
		{D54753CE-E6FC-4793-A6D4-3E6FA20C8A0E}.Release|iPhone.Build.0 = Release|Any CPU
		{D54753CE-E6FC-4793-A6D4-3E6FA20C8A0E}.Release|iPhoneSimulator.ActiveCfg = Release|Any CPU
		{D54753CE-E6FC-4793-A6D4-3E6FA20C8A0E}.Release|iPhoneSimulator.Build.0 = Release|Any CPU
		{718D82A0-987F-479B-9A14-4815908FD399}.Ad-Hoc|Any CPU.ActiveCfg = Release|Any CPU
		{718D82A0-987F-479B-9A14-4815908FD399}.Ad-Hoc|Any CPU.Build.0 = Release|Any CPU
		{718D82A0-987F-479B-9A14-4815908FD399}.Ad-Hoc|Any CPU.Deploy.0 = Release|Any CPU
		{718D82A0-987F-479B-9A14-4815908FD399}.Ad-Hoc|iPhone.ActiveCfg = Release|Any CPU
		{718D82A0-987F-479B-9A14-4815908FD399}.Ad-Hoc|iPhone.Build.0 = Release|Any CPU
		{718D82A0-987F-479B-9A14-4815908FD399}.Ad-Hoc|iPhone.Deploy.0 = Release|Any CPU
		{718D82A0-987F-479B-9A14-4815908FD399}.Ad-Hoc|iPhoneSimulator.ActiveCfg = Release|Any CPU
		{718D82A0-987F-479B-9A14-4815908FD399}.Ad-Hoc|iPhoneSimulator.Build.0 = Release|Any CPU
		{718D82A0-987F-479B-9A14-4815908FD399}.Ad-Hoc|iPhoneSimulator.Deploy.0 = Release|Any CPU
		{718D82A0-987F-479B-9A14-4815908FD399}.AppStore|Any CPU.ActiveCfg = Release|Any CPU
		{718D82A0-987F-479B-9A14-4815908FD399}.AppStore|Any CPU.Build.0 = Release|Any CPU
		{718D82A0-987F-479B-9A14-4815908FD399}.AppStore|Any CPU.Deploy.0 = Release|Any CPU
		{718D82A0-987F-479B-9A14-4815908FD399}.AppStore|iPhone.ActiveCfg = Release|Any CPU
		{718D82A0-987F-479B-9A14-4815908FD399}.AppStore|iPhone.Build.0 = Release|Any CPU
		{718D82A0-987F-479B-9A14-4815908FD399}.AppStore|iPhone.Deploy.0 = Release|Any CPU
		{718D82A0-987F-479B-9A14-4815908FD399}.AppStore|iPhoneSimulator.ActiveCfg = Release|Any CPU
		{718D82A0-987F-479B-9A14-4815908FD399}.AppStore|iPhoneSimulator.Build.0 = Release|Any CPU
		{718D82A0-987F-479B-9A14-4815908FD399}.AppStore|iPhoneSimulator.Deploy.0 = Release|Any CPU
		{718D82A0-987F-479B-9A14-4815908FD399}.Debug|Any CPU.ActiveCfg = Debug|Any CPU
		{718D82A0-987F-479B-9A14-4815908FD399}.Debug|Any CPU.Build.0 = Debug|Any CPU
		{718D82A0-987F-479B-9A14-4815908FD399}.Debug|Any CPU.Deploy.0 = Debug|Any CPU
		{718D82A0-987F-479B-9A14-4815908FD399}.Debug|iPhone.ActiveCfg = Debug|Any CPU
		{718D82A0-987F-479B-9A14-4815908FD399}.Debug|iPhone.Build.0 = Debug|Any CPU
		{718D82A0-987F-479B-9A14-4815908FD399}.Debug|iPhone.Deploy.0 = Debug|Any CPU
		{718D82A0-987F-479B-9A14-4815908FD399}.Debug|iPhoneSimulator.ActiveCfg = Debug|Any CPU
		{718D82A0-987F-479B-9A14-4815908FD399}.Debug|iPhoneSimulator.Build.0 = Debug|Any CPU
		{718D82A0-987F-479B-9A14-4815908FD399}.Debug|iPhoneSimulator.Deploy.0 = Debug|Any CPU
		{718D82A0-987F-479B-9A14-4815908FD399}.Release|Any CPU.ActiveCfg = Release|Any CPU
		{718D82A0-987F-479B-9A14-4815908FD399}.Release|Any CPU.Build.0 = Release|Any CPU
		{718D82A0-987F-479B-9A14-4815908FD399}.Release|Any CPU.Deploy.0 = Release|Any CPU
		{718D82A0-987F-479B-9A14-4815908FD399}.Release|iPhone.ActiveCfg = Release|Any CPU
		{718D82A0-987F-479B-9A14-4815908FD399}.Release|iPhone.Build.0 = Release|Any CPU
		{718D82A0-987F-479B-9A14-4815908FD399}.Release|iPhone.Deploy.0 = Release|Any CPU
		{718D82A0-987F-479B-9A14-4815908FD399}.Release|iPhoneSimulator.ActiveCfg = Release|Any CPU
		{718D82A0-987F-479B-9A14-4815908FD399}.Release|iPhoneSimulator.Build.0 = Release|Any CPU
		{718D82A0-987F-479B-9A14-4815908FD399}.Release|iPhoneSimulator.Deploy.0 = Release|Any CPU
		{353A5CF6-2591-45AD-A2CD-4397324E725E}.Ad-Hoc|Any CPU.ActiveCfg = Ad-Hoc|iPhone
		{353A5CF6-2591-45AD-A2CD-4397324E725E}.Ad-Hoc|iPhone.ActiveCfg = Ad-Hoc|iPhone
		{353A5CF6-2591-45AD-A2CD-4397324E725E}.Ad-Hoc|iPhone.Build.0 = Ad-Hoc|iPhone
		{353A5CF6-2591-45AD-A2CD-4397324E725E}.Ad-Hoc|iPhoneSimulator.ActiveCfg = Ad-Hoc|iPhoneSimulator
		{353A5CF6-2591-45AD-A2CD-4397324E725E}.Ad-Hoc|iPhoneSimulator.Build.0 = Ad-Hoc|iPhoneSimulator
		{353A5CF6-2591-45AD-A2CD-4397324E725E}.AppStore|Any CPU.ActiveCfg = AppStore|iPhone
		{353A5CF6-2591-45AD-A2CD-4397324E725E}.AppStore|iPhone.ActiveCfg = AppStore|iPhone
		{353A5CF6-2591-45AD-A2CD-4397324E725E}.AppStore|iPhone.Build.0 = AppStore|iPhone
		{353A5CF6-2591-45AD-A2CD-4397324E725E}.AppStore|iPhoneSimulator.ActiveCfg = AppStore|iPhoneSimulator
		{353A5CF6-2591-45AD-A2CD-4397324E725E}.AppStore|iPhoneSimulator.Build.0 = AppStore|iPhoneSimulator
		{353A5CF6-2591-45AD-A2CD-4397324E725E}.Debug|Any CPU.ActiveCfg = Debug|iPhone
		{353A5CF6-2591-45AD-A2CD-4397324E725E}.Debug|iPhone.ActiveCfg = Debug|iPhone
		{353A5CF6-2591-45AD-A2CD-4397324E725E}.Debug|iPhone.Build.0 = Debug|iPhone
		{353A5CF6-2591-45AD-A2CD-4397324E725E}.Debug|iPhoneSimulator.ActiveCfg = Debug|iPhoneSimulator
		{353A5CF6-2591-45AD-A2CD-4397324E725E}.Debug|iPhoneSimulator.Build.0 = Debug|iPhoneSimulator
		{353A5CF6-2591-45AD-A2CD-4397324E725E}.Release|Any CPU.ActiveCfg = Release|iPhone
		{353A5CF6-2591-45AD-A2CD-4397324E725E}.Release|iPhone.ActiveCfg = Release|iPhone
		{353A5CF6-2591-45AD-A2CD-4397324E725E}.Release|iPhone.Build.0 = Release|iPhone
		{353A5CF6-2591-45AD-A2CD-4397324E725E}.Release|iPhoneSimulator.ActiveCfg = Release|iPhoneSimulator
		{353A5CF6-2591-45AD-A2CD-4397324E725E}.Release|iPhoneSimulator.Build.0 = Release|iPhoneSimulator
		{1470BE33-0799-4A76-9EED-0DF294A07B5B}.Ad-Hoc|Any CPU.ActiveCfg = Debug|Any CPU
		{1470BE33-0799-4A76-9EED-0DF294A07B5B}.Ad-Hoc|Any CPU.Build.0 = Debug|Any CPU
		{1470BE33-0799-4A76-9EED-0DF294A07B5B}.Ad-Hoc|iPhone.ActiveCfg = Debug|Any CPU
		{1470BE33-0799-4A76-9EED-0DF294A07B5B}.Ad-Hoc|iPhone.Build.0 = Debug|Any CPU
		{1470BE33-0799-4A76-9EED-0DF294A07B5B}.Ad-Hoc|iPhoneSimulator.ActiveCfg = Debug|Any CPU
		{1470BE33-0799-4A76-9EED-0DF294A07B5B}.Ad-Hoc|iPhoneSimulator.Build.0 = Debug|Any CPU
		{1470BE33-0799-4A76-9EED-0DF294A07B5B}.AppStore|Any CPU.ActiveCfg = Debug|Any CPU
		{1470BE33-0799-4A76-9EED-0DF294A07B5B}.AppStore|Any CPU.Build.0 = Debug|Any CPU
		{1470BE33-0799-4A76-9EED-0DF294A07B5B}.AppStore|iPhone.ActiveCfg = Debug|Any CPU
		{1470BE33-0799-4A76-9EED-0DF294A07B5B}.AppStore|iPhone.Build.0 = Debug|Any CPU
		{1470BE33-0799-4A76-9EED-0DF294A07B5B}.AppStore|iPhoneSimulator.ActiveCfg = Debug|Any CPU
		{1470BE33-0799-4A76-9EED-0DF294A07B5B}.AppStore|iPhoneSimulator.Build.0 = Debug|Any CPU
		{1470BE33-0799-4A76-9EED-0DF294A07B5B}.Debug|Any CPU.ActiveCfg = Debug|Any CPU
		{1470BE33-0799-4A76-9EED-0DF294A07B5B}.Debug|Any CPU.Build.0 = Debug|Any CPU
		{1470BE33-0799-4A76-9EED-0DF294A07B5B}.Debug|iPhone.ActiveCfg = Debug|Any CPU
		{1470BE33-0799-4A76-9EED-0DF294A07B5B}.Debug|iPhone.Build.0 = Debug|Any CPU
		{1470BE33-0799-4A76-9EED-0DF294A07B5B}.Debug|iPhoneSimulator.ActiveCfg = Debug|Any CPU
		{1470BE33-0799-4A76-9EED-0DF294A07B5B}.Debug|iPhoneSimulator.Build.0 = Debug|Any CPU
		{1470BE33-0799-4A76-9EED-0DF294A07B5B}.Release|Any CPU.ActiveCfg = Release|Any CPU
		{1470BE33-0799-4A76-9EED-0DF294A07B5B}.Release|Any CPU.Build.0 = Release|Any CPU
		{1470BE33-0799-4A76-9EED-0DF294A07B5B}.Release|iPhone.ActiveCfg = Release|Any CPU
		{1470BE33-0799-4A76-9EED-0DF294A07B5B}.Release|iPhone.Build.0 = Release|Any CPU
		{1470BE33-0799-4A76-9EED-0DF294A07B5B}.Release|iPhoneSimulator.ActiveCfg = Release|Any CPU
		{1470BE33-0799-4A76-9EED-0DF294A07B5B}.Release|iPhoneSimulator.Build.0 = Release|Any CPU
		{4065C6A9-9D4B-4C39-8235-85C9ACF36F9B}.Ad-Hoc|Any CPU.ActiveCfg = Release|Any CPU
		{4065C6A9-9D4B-4C39-8235-85C9ACF36F9B}.Ad-Hoc|Any CPU.Build.0 = Release|Any CPU
		{4065C6A9-9D4B-4C39-8235-85C9ACF36F9B}.Ad-Hoc|Any CPU.Deploy.0 = Release|Any CPU
		{4065C6A9-9D4B-4C39-8235-85C9ACF36F9B}.Ad-Hoc|iPhone.ActiveCfg = Release|Any CPU
		{4065C6A9-9D4B-4C39-8235-85C9ACF36F9B}.Ad-Hoc|iPhone.Build.0 = Release|Any CPU
		{4065C6A9-9D4B-4C39-8235-85C9ACF36F9B}.Ad-Hoc|iPhone.Deploy.0 = Release|Any CPU
		{4065C6A9-9D4B-4C39-8235-85C9ACF36F9B}.Ad-Hoc|iPhoneSimulator.ActiveCfg = Release|Any CPU
		{4065C6A9-9D4B-4C39-8235-85C9ACF36F9B}.Ad-Hoc|iPhoneSimulator.Build.0 = Release|Any CPU
		{4065C6A9-9D4B-4C39-8235-85C9ACF36F9B}.Ad-Hoc|iPhoneSimulator.Deploy.0 = Release|Any CPU
		{4065C6A9-9D4B-4C39-8235-85C9ACF36F9B}.AppStore|Any CPU.ActiveCfg = Release|Any CPU
		{4065C6A9-9D4B-4C39-8235-85C9ACF36F9B}.AppStore|Any CPU.Build.0 = Release|Any CPU
		{4065C6A9-9D4B-4C39-8235-85C9ACF36F9B}.AppStore|Any CPU.Deploy.0 = Release|Any CPU
		{4065C6A9-9D4B-4C39-8235-85C9ACF36F9B}.AppStore|iPhone.ActiveCfg = Release|Any CPU
		{4065C6A9-9D4B-4C39-8235-85C9ACF36F9B}.AppStore|iPhone.Build.0 = Release|Any CPU
		{4065C6A9-9D4B-4C39-8235-85C9ACF36F9B}.AppStore|iPhone.Deploy.0 = Release|Any CPU
		{4065C6A9-9D4B-4C39-8235-85C9ACF36F9B}.AppStore|iPhoneSimulator.ActiveCfg = Release|Any CPU
		{4065C6A9-9D4B-4C39-8235-85C9ACF36F9B}.AppStore|iPhoneSimulator.Build.0 = Release|Any CPU
		{4065C6A9-9D4B-4C39-8235-85C9ACF36F9B}.AppStore|iPhoneSimulator.Deploy.0 = Release|Any CPU
		{4065C6A9-9D4B-4C39-8235-85C9ACF36F9B}.Debug|Any CPU.ActiveCfg = Debug|Any CPU
		{4065C6A9-9D4B-4C39-8235-85C9ACF36F9B}.Debug|Any CPU.Build.0 = Debug|Any CPU
		{4065C6A9-9D4B-4C39-8235-85C9ACF36F9B}.Debug|Any CPU.Deploy.0 = Debug|Any CPU
		{4065C6A9-9D4B-4C39-8235-85C9ACF36F9B}.Debug|iPhone.ActiveCfg = Debug|Any CPU
		{4065C6A9-9D4B-4C39-8235-85C9ACF36F9B}.Debug|iPhone.Build.0 = Debug|Any CPU
		{4065C6A9-9D4B-4C39-8235-85C9ACF36F9B}.Debug|iPhone.Deploy.0 = Debug|Any CPU
		{4065C6A9-9D4B-4C39-8235-85C9ACF36F9B}.Debug|iPhoneSimulator.ActiveCfg = Debug|Any CPU
		{4065C6A9-9D4B-4C39-8235-85C9ACF36F9B}.Debug|iPhoneSimulator.Build.0 = Debug|Any CPU
		{4065C6A9-9D4B-4C39-8235-85C9ACF36F9B}.Debug|iPhoneSimulator.Deploy.0 = Debug|Any CPU
		{4065C6A9-9D4B-4C39-8235-85C9ACF36F9B}.Release|Any CPU.ActiveCfg = Release|Any CPU
		{4065C6A9-9D4B-4C39-8235-85C9ACF36F9B}.Release|Any CPU.Build.0 = Release|Any CPU
		{4065C6A9-9D4B-4C39-8235-85C9ACF36F9B}.Release|Any CPU.Deploy.0 = Release|Any CPU
		{4065C6A9-9D4B-4C39-8235-85C9ACF36F9B}.Release|iPhone.ActiveCfg = Release|Any CPU
		{4065C6A9-9D4B-4C39-8235-85C9ACF36F9B}.Release|iPhone.Build.0 = Release|Any CPU
		{4065C6A9-9D4B-4C39-8235-85C9ACF36F9B}.Release|iPhone.Deploy.0 = Release|Any CPU
		{4065C6A9-9D4B-4C39-8235-85C9ACF36F9B}.Release|iPhoneSimulator.ActiveCfg = Release|Any CPU
		{4065C6A9-9D4B-4C39-8235-85C9ACF36F9B}.Release|iPhoneSimulator.Build.0 = Release|Any CPU
		{4065C6A9-9D4B-4C39-8235-85C9ACF36F9B}.Release|iPhoneSimulator.Deploy.0 = Release|Any CPU
		{80A96B52-6758-4BDB-B0B4-CEA4CA155C60}.Ad-Hoc|Any CPU.ActiveCfg = Release|iPhone
		{80A96B52-6758-4BDB-B0B4-CEA4CA155C60}.Ad-Hoc|Any CPU.Build.0 = Release|iPhone
		{80A96B52-6758-4BDB-B0B4-CEA4CA155C60}.Ad-Hoc|iPhone.ActiveCfg = Release|iPhone
		{80A96B52-6758-4BDB-B0B4-CEA4CA155C60}.Ad-Hoc|iPhone.Build.0 = Release|iPhone
		{80A96B52-6758-4BDB-B0B4-CEA4CA155C60}.Ad-Hoc|iPhoneSimulator.ActiveCfg = Release|iPhoneSimulator
		{80A96B52-6758-4BDB-B0B4-CEA4CA155C60}.Ad-Hoc|iPhoneSimulator.Build.0 = Release|iPhoneSimulator
		{80A96B52-6758-4BDB-B0B4-CEA4CA155C60}.AppStore|Any CPU.ActiveCfg = Release|iPhone
		{80A96B52-6758-4BDB-B0B4-CEA4CA155C60}.AppStore|Any CPU.Build.0 = Release|iPhone
		{80A96B52-6758-4BDB-B0B4-CEA4CA155C60}.AppStore|iPhone.ActiveCfg = Release|iPhone
		{80A96B52-6758-4BDB-B0B4-CEA4CA155C60}.AppStore|iPhone.Build.0 = Release|iPhone
		{80A96B52-6758-4BDB-B0B4-CEA4CA155C60}.AppStore|iPhoneSimulator.ActiveCfg = Release|iPhoneSimulator
		{80A96B52-6758-4BDB-B0B4-CEA4CA155C60}.AppStore|iPhoneSimulator.Build.0 = Release|iPhoneSimulator
		{80A96B52-6758-4BDB-B0B4-CEA4CA155C60}.Debug|Any CPU.ActiveCfg = Debug|iPhone
		{80A96B52-6758-4BDB-B0B4-CEA4CA155C60}.Debug|iPhone.ActiveCfg = Debug|iPhone
		{80A96B52-6758-4BDB-B0B4-CEA4CA155C60}.Debug|iPhone.Build.0 = Debug|iPhone
		{80A96B52-6758-4BDB-B0B4-CEA4CA155C60}.Debug|iPhoneSimulator.ActiveCfg = Debug|iPhoneSimulator
		{80A96B52-6758-4BDB-B0B4-CEA4CA155C60}.Debug|iPhoneSimulator.Build.0 = Debug|iPhoneSimulator
		{80A96B52-6758-4BDB-B0B4-CEA4CA155C60}.Release|Any CPU.ActiveCfg = Release|iPhone
		{80A96B52-6758-4BDB-B0B4-CEA4CA155C60}.Release|iPhone.ActiveCfg = Release|iPhone
		{80A96B52-6758-4BDB-B0B4-CEA4CA155C60}.Release|iPhone.Build.0 = Release|iPhone
		{80A96B52-6758-4BDB-B0B4-CEA4CA155C60}.Release|iPhoneSimulator.ActiveCfg = Release|iPhoneSimulator
		{80A96B52-6758-4BDB-B0B4-CEA4CA155C60}.Release|iPhoneSimulator.Build.0 = Release|iPhoneSimulator
		{D33A9609-9B91-4679-84B3-9214F71CB96E}.Ad-Hoc|Any CPU.ActiveCfg = Debug|Any CPU
		{D33A9609-9B91-4679-84B3-9214F71CB96E}.Ad-Hoc|Any CPU.Build.0 = Debug|Any CPU
		{D33A9609-9B91-4679-84B3-9214F71CB96E}.Ad-Hoc|iPhone.ActiveCfg = Debug|Any CPU
		{D33A9609-9B91-4679-84B3-9214F71CB96E}.Ad-Hoc|iPhone.Build.0 = Debug|Any CPU
		{D33A9609-9B91-4679-84B3-9214F71CB96E}.Ad-Hoc|iPhoneSimulator.ActiveCfg = Debug|Any CPU
		{D33A9609-9B91-4679-84B3-9214F71CB96E}.Ad-Hoc|iPhoneSimulator.Build.0 = Debug|Any CPU
		{D33A9609-9B91-4679-84B3-9214F71CB96E}.AppStore|Any CPU.ActiveCfg = Debug|Any CPU
		{D33A9609-9B91-4679-84B3-9214F71CB96E}.AppStore|Any CPU.Build.0 = Debug|Any CPU
		{D33A9609-9B91-4679-84B3-9214F71CB96E}.AppStore|iPhone.ActiveCfg = Debug|Any CPU
		{D33A9609-9B91-4679-84B3-9214F71CB96E}.AppStore|iPhone.Build.0 = Debug|Any CPU
		{D33A9609-9B91-4679-84B3-9214F71CB96E}.AppStore|iPhoneSimulator.ActiveCfg = Debug|Any CPU
		{D33A9609-9B91-4679-84B3-9214F71CB96E}.AppStore|iPhoneSimulator.Build.0 = Debug|Any CPU
		{D33A9609-9B91-4679-84B3-9214F71CB96E}.Debug|Any CPU.ActiveCfg = Debug|Any CPU
		{D33A9609-9B91-4679-84B3-9214F71CB96E}.Debug|Any CPU.Build.0 = Debug|Any CPU
		{D33A9609-9B91-4679-84B3-9214F71CB96E}.Debug|iPhone.ActiveCfg = Debug|Any CPU
		{D33A9609-9B91-4679-84B3-9214F71CB96E}.Debug|iPhone.Build.0 = Debug|Any CPU
		{D33A9609-9B91-4679-84B3-9214F71CB96E}.Debug|iPhoneSimulator.ActiveCfg = Debug|Any CPU
		{D33A9609-9B91-4679-84B3-9214F71CB96E}.Debug|iPhoneSimulator.Build.0 = Debug|Any CPU
		{D33A9609-9B91-4679-84B3-9214F71CB96E}.Release|Any CPU.ActiveCfg = Release|Any CPU
		{D33A9609-9B91-4679-84B3-9214F71CB96E}.Release|Any CPU.Build.0 = Release|Any CPU
		{D33A9609-9B91-4679-84B3-9214F71CB96E}.Release|iPhone.ActiveCfg = Release|Any CPU
		{D33A9609-9B91-4679-84B3-9214F71CB96E}.Release|iPhone.Build.0 = Release|Any CPU
		{D33A9609-9B91-4679-84B3-9214F71CB96E}.Release|iPhoneSimulator.ActiveCfg = Release|Any CPU
		{D33A9609-9B91-4679-84B3-9214F71CB96E}.Release|iPhoneSimulator.Build.0 = Release|Any CPU
	EndGlobalSection
	GlobalSection(SolutionProperties) = preSolution
		HideSolutionNode = FALSE
	EndGlobalSection
	GlobalSection(NestedProjects) = preSolution
		{D54753CE-E6FC-4793-A6D4-3E6FA20C8A0E} = {1D83BFE0-66C7-45DD-9FA2-6FC8CA1FF7D0}
		{A92B780E-659E-476A-B8F7-86E50B742A61} = {3A1F5D35-0BE8-452A-9D61-8A90C9C9993D}
		{285FDF24-631B-4BBE-A95C-D4BD02F8422C} = {3A1F5D35-0BE8-452A-9D61-8A90C9C9993D}
		{718D82A0-987F-479B-9A14-4815908FD399} = {285FDF24-631B-4BBE-A95C-D4BD02F8422C}
		{353A5CF6-2591-45AD-A2CD-4397324E725E} = {285FDF24-631B-4BBE-A95C-D4BD02F8422C}
		{1470BE33-0799-4A76-9EED-0DF294A07B5B} = {285FDF24-631B-4BBE-A95C-D4BD02F8422C}
		{4065C6A9-9D4B-4C39-8235-85C9ACF36F9B} = {A92B780E-659E-476A-B8F7-86E50B742A61}
		{80A96B52-6758-4BDB-B0B4-CEA4CA155C60} = {A92B780E-659E-476A-B8F7-86E50B742A61}
		{D33A9609-9B91-4679-84B3-9214F71CB96E} = {A92B780E-659E-476A-B8F7-86E50B742A61}
	EndGlobalSection
	GlobalSection(ExtensibilityGlobals) = postSolution
		SolutionGuid = {19592C5E-EFB8-4254-8FE4-2B3E099698B4}
	EndGlobalSection
EndGlobal
